
Microsoft Visual Studio Solution File, Format Version 12.00
# Visual Studio Version 17
VisualStudioVersion = 17.0.31903.59
MinimumVisualStudioVersion = 10.0.40219.1
Project("{9A19103F-16F7-4668-BE54-9A1E7A4F7556}") = "MinimalApi-SmartLog", "src\MinimalApi-SmartLog\MinimalApi-SmartLog.csproj", "{5B8DDA37-8B2B-405C-9AA2-8E9AB3547B2D}"
EndProject
Project("{9A19103F-16F7-4668-BE54-9A1E7A4F7556}") = "MinimalApi-SmartLog.Tests", "tests\MinimalApi-SmartLog.Tests\MinimalApi-SmartLog.Tests.csproj", "{ADB04995-69C4-464E-842C-5148BA6F1A05}"
EndProject
Global
	GlobalSection(SolutionConfigurationPlatforms) = preSolution
		Debug|Any CPU = Debug|Any CPU
		Release|Any CPU = Release|Any CPU
	EndGlobalSection
	GlobalSection(ProjectConfigurationPlatforms) = postSolution
		{5B8DDA37-8B2B-405C-9AA2-8E9AB3547B2D}.Debug|Any CPU.ActiveCfg = Debug|Any CPU
		{5B8DDA37-8B2B-405C-9AA2-8E9AB3547B2D}.Debug|Any CPU.Build.0 = Debug|Any CPU
		{5B8DDA37-8B2B-405C-9AA2-8E9AB3547B2D}.Release|Any CPU.ActiveCfg = Release|Any CPU
		{5B8DDA37-8B2B-405C-9AA2-8E9AB3547B2D}.Release|Any CPU.Build.0 = Release|Any CPU
		{ADB04995-69C4-464E-842C-5148BA6F1A05}.Debug|Any CPU.ActiveCfg = Debug|Any CPU
		{ADB04995-69C4-464E-842C-5148BA6F1A05}.Debug|Any CPU.Build.0 = Debug|Any CPU
		{ADB04995-69C4-464E-842C-5148BA6F1A05}.Release|Any CPU.ActiveCfg = Release|Any CPU
		{ADB04995-69C4-464E-842C-5148BA6F1A05}.Release|Any CPU.Build.0 = Release|Any CPU
	EndGlobalSection
	GlobalSection(SolutionProperties) = preSolution
		HideSolutionNode = FALSE
	EndGlobalSection
	GlobalSection(ExtensibilityGlobals) = postSolution
		SolutionGuid = {FB85A2ED-342A-4DB1-9A3B-C412B69CA34E}
	EndGlobalSection
EndGlobal
